# Code generated by scarb DO NOT EDIT.
version = 1

[[package]]
name = "alexandria_data_structures"
version = "0.2.0"
source = "git+https://github.com/keep-starknet-strange/alexandria.git#ecc881e2aee668332441bdfa32336e3404cf8eb1"
dependencies = [
 "alexandria_encoding",
]

[[package]]
name = "alexandria_encoding"
version = "0.1.0"
source = "git+https://github.com/keep-starknet-strange/alexandria.git#ecc881e2aee668332441bdfa32336e3404cf8eb1"
dependencies = [
 "alexandria_math",
 "alexandria_numeric",
]

[[package]]
name = "alexandria_math"
version = "0.2.0"
source = "git+https://github.com/keep-starknet-strange/alexandria.git#ecc881e2aee668332441bdfa32336e3404cf8eb1"
dependencies = [
 "alexandria_data_structures",
]

[[package]]
name = "alexandria_numeric"
version = "0.1.0"
source = "git+https://github.com/keep-starknet-strange/alexandria.git#ecc881e2aee668332441bdfa32336e3404cf8eb1"
dependencies = [
 "alexandria_math",
]

[[package]]
name = "autochessia"
version = "0.0.1"
dependencies = [
 "alexandria_math",
 "dojo",
]

[[package]]
name = "dojo"
version = "0.6.0"
source = "git+https://github.com/dojoengine/dojo?tag=v0.6.0#fc5ad790c1993713e59f3fc65739160f132f29f0"
dependencies = [
 "dojo_plugin",
]

[[package]]
name = "dojo_plugin"
version = "0.3.11"
source = "git+https://github.com/dojoengine/dojo?tag=v0.3.11#1e651b5d4d3b79b14a7d8aa29a92062fcb9e6659"
